{
  "name": "@taitems/jquery-gantt",
  "version": "1.1.2",
  "lockfileVersion": 3,
  "requires": true,
  "packages": {
    "": {
      "name": "@taitems/jquery-gantt",
      "version": "1.1.2",
      "license": "MIT",
      "dependencies": {
        "@taitems/jquery-gantt": "^1.1.2"
      }
    },
    "node_modules/@taitems/jquery-gantt": {
      "version": "1.1.2",
      "resolved": "https://registry.npmjs.org/@taitems/jquery-gantt/-/jquery-gantt-1.1.2.tgz",
      "integrity": "sha512-eZK6IdxCoYAeYKbwpjaY1A5wadyn/jwBS6rJJrz/NM/CoShhcuB8WhZlbnIt/NQkacLC99e4hBYi3+ZESr67Fw=="
    }
  }
}
